
Microsoft Visual Studio Solution File, Format Version 12.00
# Visual Studio 15
Project("{FAE04EC0-301F-11D3-BF4B-00C04F79EFBC}") = "PhotonUnityNetworking.Utilities", "PhotonUnityNetworking.Utilities.csproj", "{39C6DFD5-7B7C-5AE9-2B00-92F3B0CC75F1}"
EndProject
Project("{FAE04EC0-301F-11D3-BF4B-00C04F79EFBC}") = "Assembly-CSharp", "Assembly-CSharp.csproj", "{EC2A0592-B8A2-5982-AE9B-0D828B32A766}"
EndProject
Project("{FAE04EC0-301F-11D3-BF4B-00C04F79EFBC}") = "PhotonUnityNetworking.Demos", "PhotonUnityNetworking.Demos.csproj", "{806A0BC9-DC22-43E4-02DB-5C7F76BB1D4E}"
EndProject
Project("{FAE04EC0-301F-11D3-BF4B-00C04F79EFBC}") = "PhotonUnityNetworking", "PhotonUnityNetworking.csproj", "{BF64B383-95EF-13FF-BF2A-4ACD65914876}"
EndProject
Project("{FAE04EC0-301F-11D3-BF4B-00C04F79EFBC}") = "PhotonChat", "PhotonChat.csproj", "{5C36953B-E85C-D0CE-8AB7-B46EE4C34AC0}"
EndProject
Project("{FAE04EC0-301F-11D3-BF4B-00C04F79EFBC}") = "PhotonRealtime", "PhotonRealtime.csproj", "{913C9554-1699-C7E6-9343-37CBB60B3DBC}"
EndProject
Project("{FAE04EC0-301F-11D3-BF4B-00C04F79EFBC}") = "PhotonUnityNetworking.Editor", "PhotonUnityNetworking.Editor.csproj", "{2F44801B-A097-80C8-20C7-C07CB2C63E89}"
EndProject
Project("{FAE04EC0-301F-11D3-BF4B-00C04F79EFBC}") = "PhotonUnityNetworking.Utilities.PhotonPlayer.Editor", "PhotonUnityNetworking.Utilities.PhotonPlayer.Editor.csproj", "{CD529079-2363-9380-0DEA-786686721C17}"
EndProject
Project("{FAE04EC0-301F-11D3-BF4B-00C04F79EFBC}") = "PunDemos.DemoSlotcarEditor", "PunDemos.DemoSlotcarEditor.csproj", "{5631607F-A8FF-E457-A7FF-EEBD1A8EEADC}"
EndProject
Project("{FAE04EC0-301F-11D3-BF4B-00C04F79EFBC}") = "PhotonUnityNetworking.Utilities.Culling.Editor", "PhotonUnityNetworking.Utilities.Culling.Editor.csproj", "{C04F194F-C309-5C65-CE5F-D5214C74E671}"
EndProject
Project("{FAE04EC0-301F-11D3-BF4B-00C04F79EFBC}") = "PunDemos.DemoHubEditor", "PunDemos.DemoHubEditor.csproj", "{B55C27E8-B3A7-2799-DF24-DCEAA51CB1A4}"
EndProject
Global
	GlobalSection(SolutionConfigurationPlatforms) = preSolution
		Debug|Any CPU = Debug|Any CPU
		Release|Any CPU = Release|Any CPU
	EndGlobalSection
	GlobalSection(ProjectConfigurationPlatforms) = postSolution
		{39C6DFD5-7B7C-5AE9-2B00-92F3B0CC75F1}.Debug|Any CPU.ActiveCfg = Debug|Any CPU
		{39C6DFD5-7B7C-5AE9-2B00-92F3B0CC75F1}.Debug|Any CPU.Build.0 = Debug|Any CPU
		{39C6DFD5-7B7C-5AE9-2B00-92F3B0CC75F1}.Release|Any CPU.ActiveCfg = Release|Any CPU
		{39C6DFD5-7B7C-5AE9-2B00-92F3B0CC75F1}.Release|Any CPU.Build.0 = Release|Any CPU
		{EC2A0592-B8A2-5982-AE9B-0D828B32A766}.Debug|Any CPU.ActiveCfg = Debug|Any CPU
		{EC2A0592-B8A2-5982-AE9B-0D828B32A766}.Debug|Any CPU.Build.0 = Debug|Any CPU
		{EC2A0592-B8A2-5982-AE9B-0D828B32A766}.Release|Any CPU.ActiveCfg = Release|Any CPU
		{EC2A0592-B8A2-5982-AE9B-0D828B32A766}.Release|Any CPU.Build.0 = Release|Any CPU
		{806A0BC9-DC22-43E4-02DB-5C7F76BB1D4E}.Debug|Any CPU.ActiveCfg = Debug|Any CPU
		{806A0BC9-DC22-43E4-02DB-5C7F76BB1D4E}.Debug|Any CPU.Build.0 = Debug|Any CPU
		{806A0BC9-DC22-43E4-02DB-5C7F76BB1D4E}.Release|Any CPU.ActiveCfg = Release|Any CPU
		{806A0BC9-DC22-43E4-02DB-5C7F76BB1D4E}.Release|Any CPU.Build.0 = Release|Any CPU
		{BF64B383-95EF-13FF-BF2A-4ACD65914876}.Debug|Any CPU.ActiveCfg = Debug|Any CPU
		{BF64B383-95EF-13FF-BF2A-4ACD65914876}.Debug|Any CPU.Build.0 = Debug|Any CPU
		{BF64B383-95EF-13FF-BF2A-4ACD65914876}.Release|Any CPU.ActiveCfg = Release|Any CPU
		{BF64B383-95EF-13FF-BF2A-4ACD65914876}.Release|Any CPU.Build.0 = Release|Any CPU
		{5C36953B-E85C-D0CE-8AB7-B46EE4C34AC0}.Debug|Any CPU.ActiveCfg = Debug|Any CPU
		{5C36953B-E85C-D0CE-8AB7-B46EE4C34AC0}.Debug|Any CPU.Build.0 = Debug|Any CPU
		{5C36953B-E85C-D0CE-8AB7-B46EE4C34AC0}.Release|Any CPU.ActiveCfg = Release|Any CPU
		{5C36953B-E85C-D0CE-8AB7-B46EE4C34AC0}.Release|Any CPU.Build.0 = Release|Any CPU
		{913C9554-1699-C7E6-9343-37CBB60B3DBC}.Debug|Any CPU.ActiveCfg = Debug|Any CPU
		{913C9554-1699-C7E6-9343-37CBB60B3DBC}.Debug|Any CPU.Build.0 = Debug|Any CPU
		{913C9554-1699-C7E6-9343-37CBB60B3DBC}.Release|Any CPU.ActiveCfg = Release|Any CPU
		{913C9554-1699-C7E6-9343-37CBB60B3DBC}.Release|Any CPU.Build.0 = Release|Any CPU
		{2F44801B-A097-80C8-20C7-C07CB2C63E89}.Debug|Any CPU.ActiveCfg = Debug|Any CPU
		{2F44801B-A097-80C8-20C7-C07CB2C63E89}.Debug|Any CPU.Build.0 = Debug|Any CPU
		{2F44801B-A097-80C8-20C7-C07CB2C63E89}.Release|Any CPU.ActiveCfg = Release|Any CPU
		{2F44801B-A097-80C8-20C7-C07CB2C63E89}.Release|Any CPU.Build.0 = Release|Any CPU
		{CD529079-2363-9380-0DEA-786686721C17}.Debug|Any CPU.ActiveCfg = Debug|Any CPU
		{CD529079-2363-9380-0DEA-786686721C17}.Debug|Any CPU.Build.0 = Debug|Any CPU
		{CD529079-2363-9380-0DEA-786686721C17}.Release|Any CPU.ActiveCfg = Release|Any CPU
		{CD529079-2363-9380-0DEA-786686721C17}.Release|Any CPU.Build.0 = Release|Any CPU
		{5631607F-A8FF-E457-A7FF-EEBD1A8EEADC}.Debug|Any CPU.ActiveCfg = Debug|Any CPU
		{5631607F-A8FF-E457-A7FF-EEBD1A8EEADC}.Debug|Any CPU.Build.0 = Debug|Any CPU
		{5631607F-A8FF-E457-A7FF-EEBD1A8EEADC}.Release|Any CPU.ActiveCfg = Release|Any CPU
		{5631607F-A8FF-E457-A7FF-EEBD1A8EEADC}.Release|Any CPU.Build.0 = Release|Any CPU
		{C04F194F-C309-5C65-CE5F-D5214C74E671}.Debug|Any CPU.ActiveCfg = Debug|Any CPU
		{C04F194F-C309-5C65-CE5F-D5214C74E671}.Debug|Any CPU.Build.0 = Debug|Any CPU
		{C04F194F-C309-5C65-CE5F-D5214C74E671}.Release|Any CPU.ActiveCfg = Release|Any CPU
		{C04F194F-C309-5C65-CE5F-D5214C74E671}.Release|Any CPU.Build.0 = Release|Any CPU
		{B55C27E8-B3A7-2799-DF24-DCEAA51CB1A4}.Debug|Any CPU.ActiveCfg = Debug|Any CPU
		{B55C27E8-B3A7-2799-DF24-DCEAA51CB1A4}.Debug|Any CPU.Build.0 = Debug|Any CPU
		{B55C27E8-B3A7-2799-DF24-DCEAA51CB1A4}.Release|Any CPU.ActiveCfg = Release|Any CPU
		{B55C27E8-B3A7-2799-DF24-DCEAA51CB1A4}.Release|Any CPU.Build.0 = Release|Any CPU
	EndGlobalSection
	GlobalSection(SolutionProperties) = preSolution
		HideSolutionNode = FALSE
	EndGlobalSection
EndGlobal
